# This file is autogenerated, do not edit; changes may be undone by the next 'dep ensure'.


[[projects]]
  digest = "1:d785a50719472f1c853b1bf8e2cea7aa50731f421aaa1bb3bac2dbcd8975b9ed"
  name = "github.com/Azure/azure-sdk-for-go"
  packages = [
    "services/resources/mgmt/2018-05-01/resources",
    "version",
  ]
  pruneopts = "UT"
  revision = "2935c0241c74bd8549b843978dd6fc1be6f48b4a"
  version = "v20.1.0"

[[projects]]
  digest = "1:4a4e111c11a220ecf32acbfd3c025d05e3e97ca32da0b769760fcd852fda8931"
  name = "github.com/Azure/go-autorest"
  packages = [
    "autorest",
    "autorest/adal",
    "autorest/azure",
    "autorest/date",
    "autorest/to",
    "autorest/validation",
    "logger",
    "version",
  ]
  pruneopts = "UT"
  revision = "a35eae345f69bbfbe3b8fa0b1d3fe98f8430b21a"
  version = "v10.15.3"

[[projects]]
  digest = "1:76dc72490af7174349349838f2fe118996381b31ea83243812a97e5a0fd5ed55"
  name = "github.com/dgrijalva/jwt-go"
  packages = ["."]
  pruneopts = "UT"
  revision = "06ea1031745cb8b3dab3f6a236daf2b0aa468b7e"
  version = "v3.2.0"

[solve-meta]
  analyzer-name = "dep"
  analyzer-version = 1
  input-imports = [
    "github.com/Azure/azure-sdk-for-go/services/resources/mgmt/2018-05-01/resources",
    "github.com/Azure/go-autorest/autorest",
    "github.com/Azure/go-autorest/autorest/adal",
    "github.com/Azure/go-autorest/autorest/azure",
  ]
  solver-name = "gps-cdcl"
  solver-version = 1
